// !$*UTF8*$!
{
	archiveVersion = 1;
	classes = {
	};
	objectVersion = 46;
	objects = {

/* Begin PBXBuildFile section */
		3E38E3F51C1C229100A7A04B /* main.m in Sources */ = {isa = PBXBuildFile; fileRef = 3E38E3F41C1C229100A7A04B /* main.m */; };
		3E38E3F81C1C229100A7A04B /* AppDelegate.m in Sources */ = {isa = PBXBuildFile; fileRef = 3E38E3F71C1C229100A7A04B /* AppDelegate.m */; };
		3E38E3FB1C1C229100A7A04B /* ViewController.m in Sources */ = {isa = PBXBuildFile; fileRef = 3E38E3FA1C1C229100A7A04B /* ViewController.m */; };
		3E38E3FE1C1C229100A7A04B /* Main.storyboard in Resources */ = {isa = PBXBuildFile; fileRef = 3E38E3FC1C1C229100A7A04B /* Main.storyboard */; };
		3E38E4001C1C229100A7A04B /* Assets.xcassets in Resources */ = {isa = PBXBuildFile; fileRef = 3E38E3FF1C1C229100A7A04B /* Assets.xcassets */; };
		3E38E4031C1C229100A7A04B /* LaunchScreen.storyboard in Resources */ = {isa = PBXBuildFile; fileRef = 3E38E4011C1C229100A7A04B /* LaunchScreen.storyboard */; };
		3E38E40D1C1C363C00A7A04B /* reset.png in Resources */ = {isa = PBXBuildFile; fileRef = 3E38E40A1C1C363C00A7A04B /* reset.png */; };
		3E38E40E1C1C363C00A7A04B /* start.png in Resources */ = {isa = PBXBuildFile; fileRef = 3E38E40B1C1C363C00A7A04B /* start.png */; };
		3E38E40F1C1C363C00A7A04B /* stop.png in Resources */ = {isa = PBXBuildFile; fileRef = 3E38E40C1C1C363C00A7A04B /* stop.png */; };
		3E38E4131C1C364300A7A04B /* choki.png in Resources */ = {isa = PBXBuildFile; fileRef = 3E38E4101C1C364300A7A04B /* choki.png */; };
		3E38E4141C1C364300A7A04B /* gu.png in Resources */ = {isa = PBXBuildFile; fileRef = 3E38E4111C1C364300A7A04B /* gu.png */; };
		3E38E4151C1C364300A7A04B /* pa.png in Resources */ = {isa = PBXBuildFile; fileRef = 3E38E4121C1C364300A7A04B /* pa.png */; };
/* End PBXBuildFile section */

/* Begin PBXFileReference section */
		3E38E3F01C1C229100A7A04B /* StopwatchApp.app */ = {isa = PBXFileReference; explicitFileType = wrapper.application; includeInIndex = 0; path = StopwatchApp.app; sourceTree = BUILT_PRODUCTS_DIR; };
		3E38E3F41C1C229100A7A04B /* main.m */ = {isa = PBXFileReference; lastKnownFileType = sourcecode.c.objc; path = main.m; sourceTree = "<group>"; };
		3E38E3F61C1C229100A7A04B /* AppDelegate.h */ = {isa = PBXFileReference; lastKnownFileType = sourcecode.c.h; path = AppDelegate.h; sourceTree = "<group>"; };
		3E38E3F71C1C229100A7A04B /* AppDelegate.m */ = {isa = PBXFileReference; lastKnownFileType = sourcecode.c.objc; path = AppDelegate.m; sourceTree = "<group>"; };
		3E38E3F91C1C229100A7A04B /* ViewController.h */ = {isa = PBXFileReference; lastKnownFileType = sourcecode.c.h; path = ViewController.h; sourceTree = "<group>"; };
		3E38E3FA1C1C229100A7A04B /* ViewController.m */ = {isa = PBXFileReference; lastKnownFileType = sourcecode.c.objc; path = ViewController.m; sourceTree = "<group>"; };
		3E38E3FD1C1C229100A7A04B /* Base */ = {isa = PBXFileReference; lastKnownFileType = file.storyboard; name = Base; path = Base.lproj/Main.storyboard; sourceTree = "<group>"; };
		3E38E3FF1C1C229100A7A04B /* Assets.xcassets */ = {isa = PBXFileReference; lastKnownFileType = folder.assetcatalog; path = Assets.xcassets; sourceTree = "<group>"; };
		3E38E4021C1C229100A7A04B /* Base */ = {isa = PBXFileReference; lastKnownFileType = file.storyboard; name = Base; path = Base.lproj/LaunchScreen.storyboard; sourceTree = "<group>"; };
		3E38E4041C1C229200A7A04B /* Info.plist */ = {isa = PBXFileReference; lastKnownFileType = text.plist.xml; path = Info.plist; sourceTree = "<group>"; };
		3E38E40A1C1C363C00A7A04B /* reset.png */ = {isa = PBXFileReference; lastKnownFileType = image.png; path = reset.png; sourceTree = "<group>"; };
		3E38E40B1C1C363C00A7A04B /* start.png */ = {isa = PBXFileReference; lastKnownFileType = image.png; path = start.png; sourceTree = "<group>"; };
		3E38E40C1C1C363C00A7A04B /* stop.png */ = {isa = PBXFileReference; lastKnownFileType = image.png; path = stop.png; sourceTree = "<group>"; };
		3E38E4101C1C364300A7A04B /* choki.png */ = {isa = PBXFileReference; lastKnownFileType = image.png; path = choki.png; sourceTree = "<group>"; };
		3E38E4111C1C364300A7A04B /* gu.png */ = {isa = PBXFileReference; lastKnownFileType = image.png; path = gu.png; sourceTree = "<group>"; };
		3E38E4121C1C364300A7A04B /* pa.png */ = {isa = PBXFileReference; lastKnownFileType = image.png; path = pa.png; sourceTree = "<group>"; };
/* End PBXFileReference section */

/* Begin PBXFrameworksBuildPhase section */
		3E38E3ED1C1C229100A7A04B /* Frameworks */ = {
			isa = PBXFrameworksBuildPhase;
			buildActionMask = 2147483647;
			files = (
			);
			runOnlyForDeploymentPostprocessing = 0;
		};
/* End PBXFrameworksBuildPhase section */

/* Begin PBXGroup section */
		3E38E3E71C1C229100A7A04B = {
			isa = PBXGroup;
			children = (
				3E38E3F21C1C229100A7A04B /* StopwatchApp */,
				3E38E3F11C1C229100A7A04B /* Products */,
			);
			sourceTree = "<group>";
		};
		3E38E3F11C1C229100A7A04B /* Products */ = {
			isa = PBXGroup;
			children = (
				3E38E3F01C1C229100A7A04B /* StopwatchApp.app */,
			);
			name = Products;
			sourceTree = "<group>";
		};
		3E38E3F21C1C229100A7A04B /* StopwatchApp */ = {
			isa = PBXGroup;
			children = (
				3E38E3F61C1C229100A7A04B /* AppDelegate.h */,
				3E38E3F71C1C229100A7A04B /* AppDelegate.m */,
				3E38E3F91C1C229100A7A04B /* ViewController.h */,
				3E38E3FA1C1C229100A7A04B /* ViewController.m */,
				3E38E3FC1C1C229100A7A04B /* Main.storyboard */,
				3E38E3FF1C1C229100A7A04B /* Assets.xcassets */,
				3E38E4011C1C229100A7A04B /* LaunchScreen.storyboard */,
				3E38E4041C1C229200A7A04B /* Info.plist */,
				3E38E3F31C1C229100A7A04B /* Supporting Files */,
			);
			path = StopwatchApp;
			sourceTree = "<group>";
		};
		3E38E3F31C1C229100A7A04B /* Supporting Files */ = {
			isa = PBXGroup;
			children = (
				3E38E3F41C1C229100A7A04B /* main.m */,
				3E38E4101C1C364300A7A04B /* choki.png */,
				3E38E4111C1C364300A7A04B /* gu.png */,
				3E38E4121C1C364300A7A04B /* pa.png */,
				3E38E40A1C1C363C00A7A04B /* reset.png */,
				3E38E40B1C1C363C00A7A04B /* start.png */,
				3E38E40C1C1C363C00A7A04B /* stop.png */,
			);
			name = "Supporting Files";
			sourceTree = "<group>";
		};
/* End PBXGroup section */

/* Begin PBXNativeTarget section */
		3E38E3EF1C1C229100A7A04B /* StopwatchApp */ = {
			isa = PBXNativeTarget;
			buildConfigurationList = 3E38E4071C1C229200A7A04B /* Build configuration list for PBXNativeTarget "StopwatchApp" */;
			buildPhases = (
				3E38E3EC1C1C229100A7A04B /* Sources */,
				3E38E3ED1C1C229100A7A04B /* Frameworks */,
				3E38E3EE1C1C229100A7A04B /* Resources */,
			);
			buildRules = (
			);
			dependencies = (
			);
			name = StopwatchApp;
			productName = StopwatchApp;
			productReference = 3E38E3F01C1C229100A7A04B /* StopwatchApp.app */;
			productType = "com.apple.product-type.application";
		};
/* End PBXNativeTarget section */

/* Begin PBXProject section */
		3E38E3E81C1C229100A7A04B /* Project object */ = {
			isa = PBXProject;
			attributes = {
				LastUpgradeCheck = 0710;
				ORGANIZATIONNAME = saki.yokota;
				TargetAttributes = {
					3E38E3EF1C1C229100A7A04B = {
						CreatedOnToolsVersion = 7.1.1;
					};
				};
			};
			buildConfigurationList = 3E38E3EB1C1C229100A7A04B /* Build configuration list for PBXProject "StopwatchApp" */;
			compatibilityVersion = "Xcode 3.2";
			developmentRegion = English;
			hasScannedForEncodings = 0;
			knownRegions = (
				en,
				Base,
			);
			mainGroup = 3E38E3E71C1C229100A7A04B;
			productRefGroup = 3E38E3F11C1C229100A7A04B /* Products */;
			projectDirPath = "";
			projectRoot = "";
			targets = (
				3E38E3EF1C1C229100A7A04B /* StopwatchApp */,
			);
		};
/* End PBXProject section */

/* Begin PBXResourcesBuildPhase section */
		3E38E3EE1C1C229100A7A04B /* Resources */ = {
			isa = PBXResourcesBuildPhase;
			buildActionMask = 2147483647;
			files = (
				3E38E4031C1C229100A7A04B /* LaunchScreen.storyboard in Resources */,
				3E38E4151C1C364300A7A04B /* pa.png in Resources */,
				3E38E4001C1C229100A7A04B /* Assets.xcassets in Resources */,
				3E38E40E1C1C363C00A7A04B /* start.png in Resources */,
				3E38E4131C1C364300A7A04B /* choki.png in Resources */,
				3E38E3FE1C1C229100A7A04B /* Main.storyboard in Resources */,
				3E38E4141C1C364300A7A04B /* gu.png in Resources */,
				3E38E40D1C1C363C00A7A04B /* reset.png in Resources */,
				3E38E40F1C1C363C00A7A04B /* stop.png in Resources */,
			);
			runOnlyForDeploymentPostprocessing = 0;
		};
/* End PBXResourcesBuildPhase section */

/* Begin PBXSourcesBuildPhase section */
		3E38E3EC1C1C229100A7A04B /* Sources */ = {
			isa = PBXSourcesBuildPhase;
			buildActionMask = 2147483647;
			files = (
				3E38E3FB1C1C229100A7A04B /* ViewController.m in Sources */,
				3E38E3F81C1C229100A7A04B /* AppDelegate.m in Sources */,
				3E38E3F51C1C229100A7A04B /* main.m in Sources */,
			);
			runOnlyForDeploymentPostprocessing = 0;
		};
/* End PBXSourcesBuildPhase section */

/* Begin PBXVariantGroup section */
		3E38E3FC1C1C229100A7A04B /* Main.storyboard */ = {
			isa = PBXVariantGroup;
			children = (
				3E38E3FD1C1C229100A7A04B /* Base */,
			);
			name = Main.storyboard;
			sourceTree = "<group>";
		};
		3E38E4011C1C229100A7A04B /* LaunchScreen.storyboard */ = {
			isa = PBXVariantGroup;
			children = (
				3E38E4021C1C229100A7A04B /* Base */,
			);
			name = LaunchScreen.storyboard;
			sourceTree = "<group>";
		};
/* End PBXVariantGroup section */

/* Begin XCBuildConfiguration section */
		3E38E4051C1C229200A7A04B /* Debug */ = {
			isa = XCBuildConfiguration;
			buildSettings = {
				ALWAYS_SEARCH_USER_PATHS = NO;
				CLANG_CXX_LANGUAGE_STANDARD = "gnu++0x";
				CLANG_CXX_LIBRARY = "libc++";
				CLANG_ENABLE_MODULES = YES;
				CLANG_ENABLE_OBJC_ARC = YES;
				CLANG_WARN_BOOL_CONVERSION = YES;
				CLANG_WARN_CONSTANT_CONVERSION = YES;
				CLANG_WARN_DIRECT_OBJC_ISA_USAGE = YES_ERROR;
				CLANG_WARN_EMPTY_BODY = YES;
				CLANG_WARN_ENUM_CONVERSION = YES;
				CLANG_WARN_INT_CONVERSION = YES;
				CLANG_WARN_OBJC_ROOT_CLASS = YES_ERROR;
				CLANG_WARN_UNREACHABLE_CODE = YES;
				CLANG_WARN__DUPLICATE_METHOD_MATCH = YES;
				"CODE_SIGN_IDENTITY[sdk=iphoneos*]" = "iPhone Developer";
				COPY_PHASE_STRIP = NO;
				DEBUG_INFORMATION_FORMAT = dwarf;
				ENABLE_STRICT_OBJC_MSGSEND = YES;
				ENABLE_TESTABILITY = YES;
				GCC_C_LANGUAGE_STANDARD = gnu99;
				GCC_DYNAMIC_NO_PIC = NO;
				GCC_NO_COMMON_BLOCKS = YES;
				GCC_OPTIMIZATION_LEVEL = 0;
				GCC_PREPROCESSOR_DEFINITIONS = (
					"DEBUG=1",
					"$(inherited)",
				);
				GCC_WARN_64_TO_32_BIT_CONVERSION = YES;
				GCC_WARN_ABOUT_RETURN_TYPE = YES_ERROR;
				GCC_WARN_UNDECLARED_SELECTOR = YES;
				GCC_WARN_UNINITIALIZED_AUTOS = YES_AGGRESSIVE;
				GCC_WARN_UNUSED_FUNCTION = YES;
				GCC_WARN_UNUSED_VARIABLE = YES;
				IPHONEOS_DEPLOYMENT_TARGET = 9.1;
				MTL_ENABLE_DEBUG_INFO = YES;
				ONLY_ACTIVE_ARCH = YES;
				SDKROOT = iphoneos;
			};
			name = Debug;
		};
		3E38E4061C1C229200A7A04B /* Release */ = {
			isa = XCBuildConfiguration;
			buildSettings = {
				ALWAYS_SEARCH_USER_PATHS = NO;
				CLANG_CXX_LANGUAGE_STANDARD = "gnu++0x";
				CLANG_CXX_LIBRARY = "libc++";
				CLANG_ENABLE_MODULES = YES;
				CLANG_ENABLE_OBJC_ARC = YES;
				CLANG_WARN_BOOL_CONVERSION = YES;
				CLANG_WARN_CONSTANT_CONVERSION = YES;
				CLANG_WARN_DIRECT_OBJC_ISA_USAGE = YES_ERROR;
				CLANG_WARN_EMPTY_BODY = YES;
				CLANG_WARN_ENUM_CONVERSION = YES;
				CLANG_WARN_INT_CONVERSION = YES;
				CLANG_WARN_OBJC_ROOT_CLASS = YES_ERROR;
				CLANG_WARN_UNREACHABLE_CODE = YES;
				CLANG_WARN__DUPLICATE_METHOD_MATCH = YES;
				"CODE_SIGN_IDENTITY[sdk=iphoneos*]" = "iPhone Developer";
				COPY_PHASE_STRIP = NO;
				DEBUG_INFORMATION_FORMAT = "dwarf-with-dsym";
				ENABLE_NS_ASSERTIONS = NO;
				ENABLE_STRICT_OBJC_MSGSEND = YES;
				GCC_C_LANGUAGE_STANDARD = gnu99;
				GCC_NO_COMMON_BLOCKS = YES;
				GCC_WARN_64_TO_32_BIT_CONVERSION = YES;
				GCC_WARN_ABOUT_RETURN_TYPE = YES_ERROR;
				GCC_WARN_UNDECLARED_SELECTOR = YES;
				GCC_WARN_UNINITIALIZED_AUTOS = YES_AGGRESSIVE;
				GCC_WARN_UNUSED_FUNCTION = YES;
				GCC_WARN_UNUSED_VARIABLE = YES;
				IPHONEOS_DEPLOYMENT_TARGET = 9.1;
				MTL_ENABLE_DEBUG_INFO = NO;
				SDKROOT = iphoneos;
				VALIDATE_PRODUCT = YES;
			};
			name = Release;
		};
		3E38E4081C1C229200A7A04B /* Debug */ = {
			isa = XCBuildConfiguration;
			buildSettings = {
				ASSETCATALOG_COMPILER_APPICON_NAME = AppIcon;
				INFOPLIST_FILE = StopwatchApp/Info.plist;
				LD_RUNPATH_SEARCH_PATHS = "$(inherited) @executable_path/Frameworks";
				PRODUCT_BUNDLE_IDENTIFIER = jp.techacademy.StopwatchApp;
				PRODUCT_NAME = "$(TARGET_NAME)";
			};
			name = Debug;
		};
		3E38E4091C1C229200A7A04B /* Release */ = {
			isa = XCBuildConfiguration;
			buildSettings = {
				ASSETCATALOG_COMPILER_APPICON_NAME = AppIcon;
				INFOPLIST_FILE = StopwatchApp/Info.plist;
				LD_RUNPATH_SEARCH_PATHS = "$(inherited) @executable_path/Frameworks";
				PRODUCT_BUNDLE_IDENTIFIER = jp.techacademy.StopwatchApp;
				PRODUCT_NAME = "$(TARGET_NAME)";
			};
			name = Release;
		};
/* End XCBuildConfiguration section */

/* Begin XCConfigurationList section */
		3E38E3EB1C1C229100A7A04B /* Build configuration list for PBXProject "StopwatchApp" */ = {
			isa = XCConfigurationList;
			buildConfigurations = (
				3E38E4051C1C229200A7A04B /* Debug */,
				3E38E4061C1C229200A7A04B /* Release */,
			);
			defaultConfigurationIsVisible = 0;
			defaultConfigurationName = Release;
		};
		3E38E4071C1C229200A7A04B /* Build configuration list for PBXNativeTarget "StopwatchApp" */ = {
			isa = XCConfigurationList;
			buildConfigurations = (
				3E38E4081C1C229200A7A04B /* Debug */,
				3E38E4091C1C229200A7A04B /* Release */,
			);
			defaultConfigurationIsVisible = 0;
		};
/* End XCConfigurationList section */
	};
	rootObject = 3E38E3E81C1C229100A7A04B /* Project object */;
}
